
Microsoft Visual Studio Solution File, Format Version 12.00
# Visual Studio Version 17
VisualStudioVersion = 17.4.33213.308
MinimumVisualStudioVersion = 10.0.40219.1
Project("{9A19103F-16F7-4668-BE54-9A1E7A4F7556}") = "Server", "Server\Server.csproj", "{54FA92F4-3A39-4188-A63B-EDA76BDDB347}"
EndProject
Project("{9A19103F-16F7-4668-BE54-9A1E7A4F7556}") = "Client", "Client\Client.csproj", "{E5F47F39-528B-4B60-8982-7ABEB8E81921}"
EndProject
Project("{FAE04EC0-301F-11D3-BF4B-00C04F79EFBC}") = "CoreLib", "CoreLib\CoreLib.csproj", "{1C9BC469-F30B-42A5-B26F-4C5113B5F76A}"
EndProject
Global
	GlobalSection(SolutionConfigurationPlatforms) = preSolution
		Debug|Any CPU = Debug|Any CPU
		Release|Any CPU = Release|Any CPU
		Description = aoaoao
	EndGlobalSection
	GlobalSection(ProjectConfigurationPlatforms) = postSolution
		{54FA92F4-3A39-4188-A63B-EDA76BDDB347}.Debug|Any CPU.ActiveCfg = Debug|Any CPU
		{54FA92F4-3A39-4188-A63B-EDA76BDDB347}.Debug|Any CPU.Build.0 = Debug|Any CPU
		{54FA92F4-3A39-4188-A63B-EDA76BDDB347}.Release|Any CPU.ActiveCfg = Release|Any CPU
		{54FA92F4-3A39-4188-A63B-EDA76BDDB347}.Release|Any CPU.Build.0 = Release|Any CPU
		{E5F47F39-528B-4B60-8982-7ABEB8E81921}.Debug|Any CPU.ActiveCfg = Debug|Any CPU
		{E5F47F39-528B-4B60-8982-7ABEB8E81921}.Debug|Any CPU.Build.0 = Debug|Any CPU
		{E5F47F39-528B-4B60-8982-7ABEB8E81921}.Release|Any CPU.ActiveCfg = Release|Any CPU
		{E5F47F39-528B-4B60-8982-7ABEB8E81921}.Release|Any CPU.Build.0 = Release|Any CPU
		{1C9BC469-F30B-42A5-B26F-4C5113B5F76A}.Debug|Any CPU.ActiveCfg = Debug|Any CPU
		{1C9BC469-F30B-42A5-B26F-4C5113B5F76A}.Debug|Any CPU.Build.0 = Debug|Any CPU
		{1C9BC469-F30B-42A5-B26F-4C5113B5F76A}.Release|Any CPU.ActiveCfg = Release|Any CPU
		{1C9BC469-F30B-42A5-B26F-4C5113B5F76A}.Release|Any CPU.Build.0 = Release|Any CPU
	EndGlobalSection
	GlobalSection(SolutionProperties) = preSolution
		HideSolutionNode = FALSE
	EndGlobalSection
	GlobalSection(ExtensibilityGlobals) = postSolution
		SolutionGuid = {E12B9D48-7256-49BB-AD4F-60DA1658DC4F}
	EndGlobalSection
EndGlobal
